<?xml version="1.0" encoding="utf-8"?>
<Project ToolsVersion="4.0" xmlns="http://schemas.microsoft.com/developer/msbuild/2003">
  <ItemGroup>
    <ClCompile Include="..\shared\crypto.cpp">
      <Filter>shared</Filter>
    </ClCompile>
    <ClCompile Include="..\shared\stream.cpp">
      <Filter>shared</Filter>
    </ClCompile>
    <ClCompile Include="..\shared\tools.cpp">
      <Filter>shared</Filter>
    </ClCompile>
    <ClCompile Include="..\engine\command.cpp">
      <filter>engine</filter>
    </ClCompile>
    <ClCompile Include="..\engine\server.cpp">
      <Filter>engine</Filter>
    </ClCompile>
    <ClCompile Include="..\engine\worldio.cpp">
      <Filter>engine</Filter>
    </ClCompile>
    <ClCompile Include="..\fpsgame\entities.cpp">
      <Filter>fpsgame</Filter>
    </ClCompile>
    <ClCompile Include="..\fpsgame\server.cpp">
      <Filter>fpsgame</Filter>
    </ClCompile>
  </ItemGroup>
  <ItemGroup>
    <ClInclude Include="..\shared\command.h">
      <Filter>shared</Filter>
    </ClInclude>
    <ClInclude Include="..\shared\cube.h">
      <Filter>shared</Filter>
    </ClInclude>
    <ClInclude Include="..\shared\ents.h">
      <Filter>shared</Filter>
    </ClInclude>
    <ClInclude Include="..\shared\geom.h">
      <Filter>shared</Filter>
    </ClInclude>
    <ClInclude Include="..\shared\iengine.h">
      <Filter>shared</Filter>
    </ClInclude>
    <ClInclude Include="..\shared\igame.h">
      <Filter>shared</Filter>
    </ClInclude>
    <ClInclude Include="..\shared\tools.h">
      <Filter>shared</Filter>
    </ClInclude>
    <ClInclude Include="..\engine\engine.h">
      <Filter>engine</Filter>
    </ClInclude>
    <ClInclude Include="..\engine\world.h">
      <Filter>engine</Filter>
    </ClInclude>
    <ClInclude Include="..\fpsgame\ai.h">
      <Filter>fpsgame</Filter>
    </ClInclude>
    <ClInclude Include="..\fpsgame\aiman.h">
      <Filter>fpsgame</Filter>
    </ClInclude>
    <ClInclude Include="..\fpsgame\capture.h">
      <Filter>fpsgame</Filter>
    </ClInclude>
    <ClInclude Include="..\fpsgame\collect.h">
      <Filter>fpsgame</Filter>
    </ClInclude>
    <ClInclude Include="..\fpsgame\ctf.h">
      <Filter>fpsgame</Filter>
    </ClInclude>
    <ClInclude Include="..\fpsgame\extinfo.h">
      <Filter>fpsgame</Filter>
    </ClInclude>
    <ClInclude Include="..\fpsgame\game.h">
      <Filter>fpsgame</Filter>
    </ClInclude>
  </ItemGroup>
  <ItemGroup>
    <ResourceCompile Include="SMServer.rc" />
  </ItemGroup>
  <ItemGroup>
    <Filter Include="shared">
      <UniqueIdentifier>{31e3d751-04b0-4c38-94f9-eddd8ef4c42a}</UniqueIdentifier>
    </Filter>
    <Filter Include="engine">
      <UniqueIdentifier>{37ef9828-d87f-413d-93ee-effc029b6a73}</UniqueIdentifier>
    </Filter>
    <Filter Include="fpsgame">
      <UniqueIdentifier>{9b7a70df-c8ed-4662-8380-4ffe119eb216}</UniqueIdentifier>
    </Filter>
  </ItemGroup>
</Project>

